
Microsoft Visual Studio Solution File, Format Version 12.00
# Visual Studio 2013
VisualStudioVersion = 12.0.40629.0
MinimumVisualStudioVersion = 10.0.40219.1
Project("{FAE04EC0-301F-11D3-BF4B-00C04F79EFBC}") = "Wss.Repository", "Wss.Repository\Wss.Repository.csproj", "{92D6B800-24BF-45A8-8837-5A2394135F3A}"
EndProject
Project("{FAE04EC0-301F-11D3-BF4B-00C04F79EFBC}") = "Wss.Entities", "Wss.Entities\Wss.Entities.csproj", "{432E1472-96AB-4DE0-8727-3CCABABE344E}"
EndProject
Project("{2150E333-8FDC-42A3-9474-1A3956D46DE8}") = "Lib", "Lib", "{E56DB2C9-6531-4E95-A4A6-F91BA10D644F}"
EndProject
Project("{FAE04EC0-301F-11D3-BF4B-00C04F79EFBC}") = "Wss.Bll", "Wss.Bll\Wss.Bll.csproj", "{2DEBA4C2-3D30-4AF5-8DE7-85673D86F82B}"
EndProject
Project("{FAE04EC0-301F-11D3-BF4B-00C04F79EFBC}") = "Wss.RepositoryTests", "Wss.RepositoryTests\Wss.RepositoryTests.csproj", "{1D6A2B5E-07B6-43CF-AAB2-3B71F3524C66}"
EndProject
Project("{FAE04EC0-301F-11D3-BF4B-00C04F79EFBC}") = "Wss.Lib.RabbitMq", "Wss.Lib.RabbitMq\Wss.Lib.RabbitMq.csproj", "{4C5FD091-AD9C-4F64-8B34-A015761221A8}"
EndProject
Project("{FAE04EC0-301F-11D3-BF4B-00C04F79EFBC}") = "Wss.BllTests", "Wss.BllTests\Wss.BllTests.csproj", "{703D2BC1-6EC2-454E-8B64-D4489DA3210A}"
EndProject
Project("{2150E333-8FDC-42A3-9474-1A3956D46DE8}") = "Crawler", "Crawler", "{8B5DA02A-1ED7-4494-B784-01AFD1C7DE51}"
EndProject
Project("{FAE04EC0-301F-11D3-BF4B-00C04F79EFBC}") = "Wss.WorkerRabbitMq", "Wss.WorkerRabbitMq\Wss.WorkerRabbitMq.csproj", "{D2050C7B-C480-471B-9CE0-57F019A255C9}"
EndProject
Project("{FAE04EC0-301F-11D3-BF4B-00C04F79EFBC}") = "Wss.CrawlerProduct", "Wss.CrawlerProduct\Wss.CrawlerProduct.csproj", "{71BD44D8-9C33-43B1-BDC8-EF2265AD352E}"
EndProject
Project("{FAE04EC0-301F-11D3-BF4B-00C04F79EFBC}") = "Wss.Crawl.CaheProduct", "Wss.Crawl.CaheProduct\Wss.Crawl.CaheProduct.csproj", "{671742DD-4960-45B4-9A3B-7234054EB5F7}"
EndProject
Project("{FAE04EC0-301F-11D3-BF4B-00C04F79EFBC}") = "Wss.Crawl.CaheProductTests", "Wss.Crawl.CaheProductTests\Wss.Crawl.CaheProductTests.csproj", "{AA8BB77B-58DA-49B2-9D01-2FBE8A80B804}"
EndProject
Project("{FAE04EC0-301F-11D3-BF4B-00C04F79EFBC}") = "Wss.Factory", "Wss.Factory\Wss.Factory.csproj", "{0324AA0E-30A8-4E87-AED7-DE9ED82D546E}"
EndProject
Project("{FAE04EC0-301F-11D3-BF4B-00C04F79EFBC}") = "WSS.StaticConnect", "WSS.StaticConnect\WSS.StaticConnect.csproj", "{738FCC2B-5711-4EA9-A9E8-995438046E36}"
EndProject
Project("{2150E333-8FDC-42A3-9474-1A3956D46DE8}") = "Test", "Test", "{B459E45F-CD65-4983-A4E0-AD73541B2DD7}"
EndProject
Project("{FAE04EC0-301F-11D3-BF4B-00C04F79EFBC}") = "Wss.Crawler.CacheProduct.Service", "Wss.Crawler.CacheProduct.Service\Wss.Crawler.CacheProduct.Service.csproj", "{9789F6AD-A353-46C6-8A47-8BAE01765BED}"
EndProject
Project("{FAE04EC0-301F-11D3-BF4B-00C04F79EFBC}") = "WSS.ImageImbo.Lib", "WSS.ImageImbo.Lib\WSS.ImageImbo.Lib.csproj", "{294A2FA6-9FD6-4A23-A58E-764AEAA642A3}"
EndProject
Project("{FAE04EC0-301F-11D3-BF4B-00C04F79EFBC}") = "Wss.Lib.Web", "Wss.Lib.Web\Wss.Lib.Web.csproj", "{ED5113FE-DF27-4DCE-BC72-3C2F4C3471E3}"
EndProject
Project("{FAE04EC0-301F-11D3-BF4B-00C04F79EFBC}") = "WSS.ImageImbo.LibTests1", "WSS.ImageImbo.LibTests1\WSS.ImageImbo.LibTests1.csproj", "{81B8B3BA-616F-4DA8-A2FA-24175F16E0C7}"
EndProject
Global
	GlobalSection(SolutionConfigurationPlatforms) = preSolution
		Debug|Any CPU = Debug|Any CPU
		Release|Any CPU = Release|Any CPU
	EndGlobalSection
	GlobalSection(ProjectConfigurationPlatforms) = postSolution
		{92D6B800-24BF-45A8-8837-5A2394135F3A}.Debug|Any CPU.ActiveCfg = Debug|Any CPU
		{92D6B800-24BF-45A8-8837-5A2394135F3A}.Debug|Any CPU.Build.0 = Debug|Any CPU
		{92D6B800-24BF-45A8-8837-5A2394135F3A}.Release|Any CPU.ActiveCfg = Release|Any CPU
		{92D6B800-24BF-45A8-8837-5A2394135F3A}.Release|Any CPU.Build.0 = Release|Any CPU
		{432E1472-96AB-4DE0-8727-3CCABABE344E}.Debug|Any CPU.ActiveCfg = Debug|Any CPU
		{432E1472-96AB-4DE0-8727-3CCABABE344E}.Debug|Any CPU.Build.0 = Debug|Any CPU
		{432E1472-96AB-4DE0-8727-3CCABABE344E}.Release|Any CPU.ActiveCfg = Release|Any CPU
		{432E1472-96AB-4DE0-8727-3CCABABE344E}.Release|Any CPU.Build.0 = Release|Any CPU
		{2DEBA4C2-3D30-4AF5-8DE7-85673D86F82B}.Debug|Any CPU.ActiveCfg = Debug|Any CPU
		{2DEBA4C2-3D30-4AF5-8DE7-85673D86F82B}.Debug|Any CPU.Build.0 = Debug|Any CPU
		{2DEBA4C2-3D30-4AF5-8DE7-85673D86F82B}.Release|Any CPU.ActiveCfg = Release|Any CPU
		{2DEBA4C2-3D30-4AF5-8DE7-85673D86F82B}.Release|Any CPU.Build.0 = Release|Any CPU
		{1D6A2B5E-07B6-43CF-AAB2-3B71F3524C66}.Debug|Any CPU.ActiveCfg = Debug|Any CPU
		{1D6A2B5E-07B6-43CF-AAB2-3B71F3524C66}.Debug|Any CPU.Build.0 = Debug|Any CPU
		{1D6A2B5E-07B6-43CF-AAB2-3B71F3524C66}.Release|Any CPU.ActiveCfg = Release|Any CPU
		{1D6A2B5E-07B6-43CF-AAB2-3B71F3524C66}.Release|Any CPU.Build.0 = Release|Any CPU
		{4C5FD091-AD9C-4F64-8B34-A015761221A8}.Debug|Any CPU.ActiveCfg = Debug|Any CPU
		{4C5FD091-AD9C-4F64-8B34-A015761221A8}.Debug|Any CPU.Build.0 = Debug|Any CPU
		{4C5FD091-AD9C-4F64-8B34-A015761221A8}.Release|Any CPU.ActiveCfg = Release|Any CPU
		{4C5FD091-AD9C-4F64-8B34-A015761221A8}.Release|Any CPU.Build.0 = Release|Any CPU
		{703D2BC1-6EC2-454E-8B64-D4489DA3210A}.Debug|Any CPU.ActiveCfg = Debug|Any CPU
		{703D2BC1-6EC2-454E-8B64-D4489DA3210A}.Debug|Any CPU.Build.0 = Debug|Any CPU
		{703D2BC1-6EC2-454E-8B64-D4489DA3210A}.Release|Any CPU.ActiveCfg = Release|Any CPU
		{703D2BC1-6EC2-454E-8B64-D4489DA3210A}.Release|Any CPU.Build.0 = Release|Any CPU
		{D2050C7B-C480-471B-9CE0-57F019A255C9}.Debug|Any CPU.ActiveCfg = Debug|Any CPU
		{D2050C7B-C480-471B-9CE0-57F019A255C9}.Debug|Any CPU.Build.0 = Debug|Any CPU
		{D2050C7B-C480-471B-9CE0-57F019A255C9}.Release|Any CPU.ActiveCfg = Release|Any CPU
		{D2050C7B-C480-471B-9CE0-57F019A255C9}.Release|Any CPU.Build.0 = Release|Any CPU
		{71BD44D8-9C33-43B1-BDC8-EF2265AD352E}.Debug|Any CPU.ActiveCfg = Debug|Any CPU
		{71BD44D8-9C33-43B1-BDC8-EF2265AD352E}.Debug|Any CPU.Build.0 = Debug|Any CPU
		{71BD44D8-9C33-43B1-BDC8-EF2265AD352E}.Release|Any CPU.ActiveCfg = Release|Any CPU
		{71BD44D8-9C33-43B1-BDC8-EF2265AD352E}.Release|Any CPU.Build.0 = Release|Any CPU
		{671742DD-4960-45B4-9A3B-7234054EB5F7}.Debug|Any CPU.ActiveCfg = Debug|Any CPU
		{671742DD-4960-45B4-9A3B-7234054EB5F7}.Debug|Any CPU.Build.0 = Debug|Any CPU
		{671742DD-4960-45B4-9A3B-7234054EB5F7}.Release|Any CPU.ActiveCfg = Release|Any CPU
		{671742DD-4960-45B4-9A3B-7234054EB5F7}.Release|Any CPU.Build.0 = Release|Any CPU
		{AA8BB77B-58DA-49B2-9D01-2FBE8A80B804}.Debug|Any CPU.ActiveCfg = Debug|Any CPU
		{AA8BB77B-58DA-49B2-9D01-2FBE8A80B804}.Debug|Any CPU.Build.0 = Debug|Any CPU
		{AA8BB77B-58DA-49B2-9D01-2FBE8A80B804}.Release|Any CPU.ActiveCfg = Release|Any CPU
		{AA8BB77B-58DA-49B2-9D01-2FBE8A80B804}.Release|Any CPU.Build.0 = Release|Any CPU
		{0324AA0E-30A8-4E87-AED7-DE9ED82D546E}.Debug|Any CPU.ActiveCfg = Debug|Any CPU
		{0324AA0E-30A8-4E87-AED7-DE9ED82D546E}.Debug|Any CPU.Build.0 = Debug|Any CPU
		{0324AA0E-30A8-4E87-AED7-DE9ED82D546E}.Release|Any CPU.ActiveCfg = Release|Any CPU
		{0324AA0E-30A8-4E87-AED7-DE9ED82D546E}.Release|Any CPU.Build.0 = Release|Any CPU
		{738FCC2B-5711-4EA9-A9E8-995438046E36}.Debug|Any CPU.ActiveCfg = Debug|Any CPU
		{738FCC2B-5711-4EA9-A9E8-995438046E36}.Debug|Any CPU.Build.0 = Debug|Any CPU
		{738FCC2B-5711-4EA9-A9E8-995438046E36}.Release|Any CPU.ActiveCfg = Release|Any CPU
		{738FCC2B-5711-4EA9-A9E8-995438046E36}.Release|Any CPU.Build.0 = Release|Any CPU
		{9789F6AD-A353-46C6-8A47-8BAE01765BED}.Debug|Any CPU.ActiveCfg = Debug|Any CPU
		{9789F6AD-A353-46C6-8A47-8BAE01765BED}.Debug|Any CPU.Build.0 = Debug|Any CPU
		{9789F6AD-A353-46C6-8A47-8BAE01765BED}.Release|Any CPU.ActiveCfg = Release|Any CPU
		{9789F6AD-A353-46C6-8A47-8BAE01765BED}.Release|Any CPU.Build.0 = Release|Any CPU
		{294A2FA6-9FD6-4A23-A58E-764AEAA642A3}.Debug|Any CPU.ActiveCfg = Debug|Any CPU
		{294A2FA6-9FD6-4A23-A58E-764AEAA642A3}.Debug|Any CPU.Build.0 = Debug|Any CPU
		{294A2FA6-9FD6-4A23-A58E-764AEAA642A3}.Release|Any CPU.ActiveCfg = Release|Any CPU
		{294A2FA6-9FD6-4A23-A58E-764AEAA642A3}.Release|Any CPU.Build.0 = Release|Any CPU
		{ED5113FE-DF27-4DCE-BC72-3C2F4C3471E3}.Debug|Any CPU.ActiveCfg = Debug|Any CPU
		{ED5113FE-DF27-4DCE-BC72-3C2F4C3471E3}.Debug|Any CPU.Build.0 = Debug|Any CPU
		{ED5113FE-DF27-4DCE-BC72-3C2F4C3471E3}.Release|Any CPU.ActiveCfg = Release|Any CPU
		{ED5113FE-DF27-4DCE-BC72-3C2F4C3471E3}.Release|Any CPU.Build.0 = Release|Any CPU
		{81B8B3BA-616F-4DA8-A2FA-24175F16E0C7}.Debug|Any CPU.ActiveCfg = Debug|Any CPU
		{81B8B3BA-616F-4DA8-A2FA-24175F16E0C7}.Debug|Any CPU.Build.0 = Debug|Any CPU
		{81B8B3BA-616F-4DA8-A2FA-24175F16E0C7}.Release|Any CPU.ActiveCfg = Release|Any CPU
		{81B8B3BA-616F-4DA8-A2FA-24175F16E0C7}.Release|Any CPU.Build.0 = Release|Any CPU
	EndGlobalSection
	GlobalSection(SolutionProperties) = preSolution
		HideSolutionNode = FALSE
	EndGlobalSection
	GlobalSection(NestedProjects) = preSolution
		{4C5FD091-AD9C-4F64-8B34-A015761221A8} = {E56DB2C9-6531-4E95-A4A6-F91BA10D644F}
		{703D2BC1-6EC2-454E-8B64-D4489DA3210A} = {B459E45F-CD65-4983-A4E0-AD73541B2DD7}
		{71BD44D8-9C33-43B1-BDC8-EF2265AD352E} = {8B5DA02A-1ED7-4494-B784-01AFD1C7DE51}
		{671742DD-4960-45B4-9A3B-7234054EB5F7} = {8B5DA02A-1ED7-4494-B784-01AFD1C7DE51}
		{AA8BB77B-58DA-49B2-9D01-2FBE8A80B804} = {B459E45F-CD65-4983-A4E0-AD73541B2DD7}
		{9789F6AD-A353-46C6-8A47-8BAE01765BED} = {8B5DA02A-1ED7-4494-B784-01AFD1C7DE51}
		{294A2FA6-9FD6-4A23-A58E-764AEAA642A3} = {E56DB2C9-6531-4E95-A4A6-F91BA10D644F}
		{81B8B3BA-616F-4DA8-A2FA-24175F16E0C7} = {B459E45F-CD65-4983-A4E0-AD73541B2DD7}
	EndGlobalSection
EndGlobal
