
Microsoft Visual Studio Solution File, Format Version 12.00
# Visual Studio 2013
VisualStudioVersion = 12.0.40629.0
MinimumVisualStudioVersion = 10.0.40219.1
Project("{FAE04EC0-301F-11D3-BF4B-00C04F79EFBC}") = "WSS.ImageImbo.Lib", "WSS.ImageImbo.Lib.csproj", "{294A2FA6-9FD6-4A23-A58E-764AEAA642A3}"
EndProject
Project("{FAE04EC0-301F-11D3-BF4B-00C04F79EFBC}") = "WSS.ImageImbo.LibTests", "..\WSS.ImageImbo.LibTests\WSS.ImageImbo.LibTests.csproj", "{0805840F-B945-472B-971B-7402605A255A}"
EndProject
Project("{2150E333-8FDC-42A3-9474-1A3956D46DE8}") = ".nuget", ".nuget", "{43828F85-B4C3-4236-8E2F-E1F13CBCB836}"
	ProjectSection(SolutionItems) = preProject
		.nuget\packages.config = .nuget\packages.config
	EndProjectSection
EndProject
Global
	GlobalSection(SolutionConfigurationPlatforms) = preSolution
		Debug|Any CPU = Debug|Any CPU
		Release|Any CPU = Release|Any CPU
	EndGlobalSection
	GlobalSection(ProjectConfigurationPlatforms) = postSolution
		{294A2FA6-9FD6-4A23-A58E-764AEAA642A3}.Debug|Any CPU.ActiveCfg = Debug|Any CPU
		{294A2FA6-9FD6-4A23-A58E-764AEAA642A3}.Debug|Any CPU.Build.0 = Debug|Any CPU
		{294A2FA6-9FD6-4A23-A58E-764AEAA642A3}.Release|Any CPU.ActiveCfg = Release|Any CPU
		{294A2FA6-9FD6-4A23-A58E-764AEAA642A3}.Release|Any CPU.Build.0 = Release|Any CPU
		{0805840F-B945-472B-971B-7402605A255A}.Debug|Any CPU.ActiveCfg = Debug|Any CPU
		{0805840F-B945-472B-971B-7402605A255A}.Debug|Any CPU.Build.0 = Debug|Any CPU
		{0805840F-B945-472B-971B-7402605A255A}.Release|Any CPU.ActiveCfg = Release|Any CPU
		{0805840F-B945-472B-971B-7402605A255A}.Release|Any CPU.Build.0 = Release|Any CPU
	EndGlobalSection
	GlobalSection(SolutionProperties) = preSolution
		HideSolutionNode = FALSE
	EndGlobalSection
EndGlobal
